# THIS IS AN AUTOGENERATED FILE. DO NOT EDIT THIS FILE DIRECTLY.
# yarn lockfile v1
accepts@~1.2.5:
  version "1.2.13"
  resolved "https://registry.yarnpkg.com/accepts/-/accepts-1.2.13.tgz#e5f1f3928c6d95fd96558c36ec3d9d0de4a6ecea"
  dependencies:
    mime-types "~2.1.6"
    negotiator "0.5.3"

asap@~2.0.3:
  version "2.0.5"
  resolved "https://registry.yarnpkg.com/asap/-/asap-2.0.5.tgz#522765b50c3510490e52d7dcfe085ef9ba96958f"

async@^1.5.2:
  version "1.5.2"
  resolved "https://registry.yarnpkg.com/async/-/async-1.5.2.tgz#ec6a61ae56480c0c3cb241c95618e20892f9672a"

body-parser@1.12.3:
  version "1.12.3"
  resolved "https://registry.yarnpkg.com/body-parser/-/body-parser-1.12.3.tgz#5f40bf17e7823be6895d4d35582752e36cf97f71"
  dependencies:
    bytes "1.0.0"
    content-type "~1.0.1"
    debug "~2.1.3"
    depd "~1.0.1"
    iconv-lite "0.4.8"
    on-finished "~2.2.0"
    qs "2.4.1"
    raw-body "1.3.4"
    type-is "~1.6.1"

body-parser@1.9.0:
  version "1.9.0"
  resolved "https://registry.yarnpkg.com/body-parser/-/body-parser-1.9.0.tgz#95d72943b1a4f67f56bbac9e0dcc837b68703605"
  dependencies:
    bytes "1.0.0"
    depd "~1.0.0"
    iconv-lite "0.4.4"
    media-typer "0.3.0"
    on-finished "2.1.0"
    qs "2.2.4"
    raw-body "1.3.0"
    type-is "~1.5.1"

buffer-concat@0.0.1:
  version "0.0.1"
  resolved "https://registry.yarnpkg.com/buffer-concat/-/buffer-concat-0.0.1.tgz#43e1e3c77f3d22fb55bea6890a92d03778c4c10a"

buffer-shims@^1.0.0:
  version "1.0.0"
  resolved "https://registry.yarnpkg.com/buffer-shims/-/buffer-shims-1.0.0.tgz#9978ce317388c649ad8793028c3477ef044a8b51"

bytes@1, bytes@1.0.0:
  version "1.0.0"
  resolved "https://registry.yarnpkg.com/bytes/-/bytes-1.0.0.tgz#3569ede8ba34315fab99c3e92cb04c7220de1fa8"

caseless@~0.11.0:
  version "0.11.0"
  resolved "https://registry.yarnpkg.com/caseless/-/caseless-0.11.0.tgz#715b96ea9841593cc33067923f5ec60ebda4f7d7"

charenc@~0.0.1:
  version "0.0.1"
  resolved "https://registry.yarnpkg.com/charenc/-/charenc-0.0.1.tgz#004cff9feaf102382ed12db58dd6f962796d6e88"

combined-stream@^1.0.5:
  version "1.0.5"
  resolved "https://registry.yarnpkg.com/combined-stream/-/combined-stream-1.0.5.tgz#938370a57b4a51dea2c77c15d5c5fdf895164009"
  dependencies:
    delayed-stream "~1.0.0"

component-emitter@^1.2.0:
  version "1.2.1"
  resolved "https://registry.yarnpkg.com/component-emitter/-/component-emitter-1.2.1.tgz#137918d6d78283f7df7a6b7c5a63e140e69425e6"

concat-stream@^1.4.6, concat-stream@^1.4.7:
  version "1.5.2"
  resolved "https://registry.yarnpkg.com/concat-stream/-/concat-stream-1.5.2.tgz#708978624d856af41a5a741defdd261da752c266"
  dependencies:
    inherits "~2.0.1"
    readable-stream "~2.0.0"
    typedarray "~0.0.5"

connect-timeout@^1.7.0:
  version "1.8.0"
  resolved "https://registry.yarnpkg.com/connect-timeout/-/connect-timeout-1.8.0.tgz#4b74c58ad0303e069e4f417af388a058cfa3b839"
  dependencies:
    http-errors "~1.5.1"
    ms "0.7.2"
    on-finished "~2.3.0"
    on-headers "~1.0.1"

connect@3.2.0:
  version "3.2.0"
  resolved "https://registry.yarnpkg.com/connect/-/connect-3.2.0.tgz#184f51545eb4d9aa2064504b67fc06f76ca21c08"
  dependencies:
    debug "~2.0.0"
    finalhandler "0.2.0"
    parseurl "~1.3.0"
    utils-merge "1.0.0"

content-disposition@0.5.0:
  version "0.5.0"
  resolved "https://registry.yarnpkg.com/content-disposition/-/content-disposition-0.5.0.tgz#4284fe6ae0630874639e44e80a418c2934135e9e"

content-type@~1.0.1:
  version "1.0.2"
  resolved "https://registry.yarnpkg.com/content-type/-/content-type-1.0.2.tgz#b7d113aee7a8dd27bd21133c4dc2529df1721eed"

cookie-parser@^1.3.5:
  version "1.4.3"
  resolved "https://registry.yarnpkg.com/cookie-parser/-/cookie-parser-1.4.3.tgz#0fe31fa19d000b95f4aadf1f53fdc2b8a203baa5"
  dependencies:
    cookie "0.3.1"
    cookie-signature "1.0.6"

cookie-signature@1.0.6:
  version "1.0.6"
  resolved "https://registry.yarnpkg.com/cookie-signature/-/cookie-signature-1.0.6.tgz#e303a882b342cc3ee8ca513a79999734dab3ae2c"

cookie@0.1.2:
  version "0.1.2"
  resolved "https://registry.yarnpkg.com/cookie/-/cookie-0.1.2.tgz#72fec3d24e48a3432073d90c12642005061004b1"

cookie@0.3.1:
  version "0.3.1"
  resolved "https://registry.yarnpkg.com/cookie/-/cookie-0.3.1.tgz#e7e0a1f9ef43b4c8ba925c5c5a96e806d16873bb"

cookiejar@^2.0.6:
  version "2.1.0"
  resolved "https://registry.yarnpkg.com/cookiejar/-/cookiejar-2.1.0.tgz#86549689539b6d0e269b6637a304be508194d898"

cookies@0.5.0:
  version "0.5.0"
  resolved "https://registry.yarnpkg.com/cookies/-/cookies-0.5.0.tgz#164cac46a1d3ca3b3b87427414c24931d8381025"
  dependencies:
    keygrip "~1.0.0"

core-util-is@~1.0.0:
  version "1.0.2"
  resolved "https://registry.yarnpkg.com/core-util-is/-/core-util-is-1.0.2.tgz#b5fd54220aa2bc5ab57aab7140c940754503c1a7"

crc@3.2.1:
  version "3.2.1"
  resolved "https://registry.yarnpkg.com/crc/-/crc-3.2.1.tgz#5d9c8fb77a245cd5eca291e5d2d005334bab0082"

crc32@0.2.2:
  version "0.2.2"
  resolved "https://registry.yarnpkg.com/crc32/-/crc32-0.2.2.tgz#7ad220d6ffdcd119f9fc127a7772cacea390a4ba"

crypt@~0.0.1:
  version "0.0.1"
  resolved "https://registry.yarnpkg.com/crypt/-/crypt-0.0.1.tgz#5f11b21a6c05ef1b5e79708366da6374ece1e6a2"

debug@^2.2.0:
  version "2.3.3"
  resolved "https://registry.yarnpkg.com/debug/-/debug-2.3.3.tgz#40c453e67e6e13c901ddec317af8986cda9eff8c"
  dependencies:
    ms "0.7.2"

debug@~2.0.0, debug@2.0.0:
  version "2.0.0"
  resolved "https://registry.yarnpkg.com/debug/-/debug-2.0.0.tgz#89bd9df6732b51256bc6705342bba02ed12131ef"
  dependencies:
    ms "0.6.2"

debug@~2.1.3:
  version "2.1.3"
  resolved "https://registry.yarnpkg.com/debug/-/debug-2.1.3.tgz#ce8ab1b5ee8fbee2bfa3b633cab93d366b63418e"
  dependencies:
    ms "0.7.0"

debug@~2.2.0:
  version "2.2.0"
  resolved "https://registry.yarnpkg.com/debug/-/debug-2.2.0.tgz#f87057e995b1a1f6ae6a4960664137bc56f039da"
  dependencies:
    ms "0.7.1"

debug@0.7.2:
  version "0.7.2"
  resolved "https://registry.yarnpkg.com/debug/-/debug-0.7.2.tgz#056692c86670977f115de82917918b8e8b9a10f0"

delayed-stream@~1.0.0:
  version "1.0.0"
  resolved "https://registry.yarnpkg.com/delayed-stream/-/delayed-stream-1.0.0.tgz#df3ae199acadfb7d440aaae0b29e2272b24ec619"

depd@~1.0.0, depd@~1.0.1:
  version "1.0.1"
  resolved "https://registry.yarnpkg.com/depd/-/depd-1.0.1.tgz#80aec64c9d6d97e65cc2a9caa93c0aa6abf73aaa"

destroy@1.0.3:
  version "1.0.3"
  resolved "https://registry.yarnpkg.com/destroy/-/destroy-1.0.3.tgz#b433b4724e71fd8551d9885174851c5fc377e2c9"

ee-first@1.0.5:
  version "1.0.5"
  resolved "https://registry.yarnpkg.com/ee-first/-/ee-first-1.0.5.tgz#8c9b212898d8cd9f1a9436650ce7be202c9e9ff0"

ee-first@1.1.0:
  version "1.1.0"
  resolved "https://registry.yarnpkg.com/ee-first/-/ee-first-1.1.0.tgz#6a0d7c6221e490feefd92ec3f441c9ce8cd097f4"

ee-first@1.1.1:
  version "1.1.1"
  resolved "https://registry.yarnpkg.com/ee-first/-/ee-first-1.1.1.tgz#590c61156b0ae2f4f0255732a158b266bc56b21d"

ejs@2.3.1:
  version "2.3.1"
  resolved "https://registry.yarnpkg.com/ejs/-/ejs-2.3.1.tgz#a697d98ac401e32a99c3deed92c60c19b6199a7f"

escape-html@1.0.1:
  version "1.0.1"
  resolved "https://registry.yarnpkg.com/escape-html/-/escape-html-1.0.1.tgz#181a286ead397a39a92857cfb1d43052e356bff0"

etag@~1.5.1:
  version "1.5.1"
  resolved "https://registry.yarnpkg.com/etag/-/etag-1.5.1.tgz#54c50de04ee42695562925ac566588291be7e9ea"
  dependencies:
    crc "3.2.1"

etag@~1.6.0:
  version "1.6.0"
  resolved "https://registry.yarnpkg.com/etag/-/etag-1.6.0.tgz#8bcb2c6af1254c481dfc8b997c906ef4e442c207"
  dependencies:
    crc "3.2.1"

express@4.12.3:
  version "4.12.3"
  resolved "https://registry.yarnpkg.com/express/-/express-4.12.3.tgz#6b9d94aec5ae03270d86d390c277a8c5a5ad0ee2"
  dependencies:
    accepts "~1.2.5"
    content-disposition "0.5.0"
    content-type "~1.0.1"
    cookie "0.1.2"
    cookie-signature "1.0.6"
    debug "~2.1.3"
    depd "~1.0.0"
    escape-html "1.0.1"
    etag "~1.5.1"
    finalhandler "0.3.4"
    fresh "0.2.4"
    merge-descriptors "1.0.0"
    methods "~1.1.1"
    on-finished "~2.2.0"
    parseurl "~1.3.0"
    path-to-regexp "0.1.3"
    proxy-addr "~1.0.7"
    qs "2.4.1"
    range-parser "~1.0.2"
    send "0.12.2"
    serve-static "~1.9.2"
    type-is "~1.6.1"
    utils-merge "1.0.0"
    vary "~1.0.0"

extend@^3.0.0:
  version "3.0.0"
  resolved "https://registry.yarnpkg.com/extend/-/extend-3.0.0.tgz#5a474353b9f3353ddd8176dfd37b91c83a46f1d4"

finalhandler@0.2.0:
  version "0.2.0"
  resolved "https://registry.yarnpkg.com/finalhandler/-/finalhandler-0.2.0.tgz#794082424b17f6a4b2a0eda39f9db6948ee4be8d"
  dependencies:
    debug "~2.0.0"
    escape-html "1.0.1"

finalhandler@0.3.4:
  version "0.3.4"
  resolved "https://registry.yarnpkg.com/finalhandler/-/finalhandler-0.3.4.tgz#4787d3573d079ae8b07536f26b0b911ebaf2a2ac"
  dependencies:
    debug "~2.1.3"
    escape-html "1.0.1"
    on-finished "~2.2.0"

form-data@1.0.0-rc4:
  version "1.0.0-rc4"
  resolved "https://registry.yarnpkg.com/form-data/-/form-data-1.0.0-rc4.tgz#05ac6bc22227b43e4461f488161554699d4f8b5e"
  dependencies:
    async "^1.5.2"
    combined-stream "^1.0.5"
    mime-types "^2.1.10"

formidable@^1.0.17:
  version "1.0.17"
  resolved "https://registry.yarnpkg.com/formidable/-/formidable-1.0.17.tgz#ef5491490f9433b705faa77249c99029ae348559"

formstream@0.0.7:
  version "0.0.7"
  resolved "https://registry.yarnpkg.com/formstream/-/formstream-0.0.7.tgz#981d0036743596c54820ee3dfb44baca18349788"
  dependencies:
    buffer-concat "0.0.1"
    mime "1.2.9"
    pause-stream ">=0.0.10"

forwarded@~0.1.0:
  version "0.1.0"
  resolved "https://registry.yarnpkg.com/forwarded/-/forwarded-0.1.0.tgz#19ef9874c4ae1c297bcf078fde63a09b66a84363"

fresh@0.2.4:
  version "0.2.4"
  resolved "https://registry.yarnpkg.com/fresh/-/fresh-0.2.4.tgz#3582499206c9723714190edd74b4604feb4a614c"

http-basic@^2.5.1:
  version "2.5.1"
  resolved "https://registry.yarnpkg.com/http-basic/-/http-basic-2.5.1.tgz#8ce447bdb5b6c577f8a63e3fa78056ec4bb4dbfb"
  dependencies:
    caseless "~0.11.0"
    concat-stream "^1.4.6"
    http-response-object "^1.0.0"

http-errors@~1.5.1:
  version "1.5.1"
  resolved "https://registry.yarnpkg.com/http-errors/-/http-errors-1.5.1.tgz#788c0d2c1de2c81b9e6e8c01843b6b97eb920750"
  dependencies:
    inherits "2.0.3"
    setprototypeof "1.0.2"
    statuses ">= 1.3.1 < 2"

http-response-object@^1.0.0, http-response-object@^1.0.1, http-response-object@^1.1.0:
  version "1.1.0"
  resolved "https://registry.yarnpkg.com/http-response-object/-/http-response-object-1.1.0.tgz#a7c4e75aae82f3bb4904e4f43f615673b4d518c3"

iconv-lite@^0.4.8:
  version "0.4.15"
  resolved "https://registry.yarnpkg.com/iconv-lite/-/iconv-lite-0.4.15.tgz#fe265a218ac6a57cfe854927e9d04c19825eddeb"

iconv-lite@0.4.4:
  version "0.4.4"
  resolved "https://registry.yarnpkg.com/iconv-lite/-/iconv-lite-0.4.4.tgz#e95f2e41db0735fc21652f7827a5ee32e63c83a8"

iconv-lite@0.4.8:
  version "0.4.8"
  resolved "https://registry.yarnpkg.com/iconv-lite/-/iconv-lite-0.4.8.tgz#c6019a7595f2cefca702eab694a010bcd9298d20"

inherits@~2.0.1, inherits@2.0.3:
  version "2.0.3"
  resolved "https://registry.yarnpkg.com/inherits/-/inherits-2.0.3.tgz#633c2c83e3da42a502f52466022480f4208261de"

ipaddr.js@1.0.5:
  version "1.0.5"
  resolved "https://registry.yarnpkg.com/ipaddr.js/-/ipaddr.js-1.0.5.tgz#5fa78cf301b825c78abc3042d812723049ea23c7"

is-buffer@~1.1.1:
  version "1.1.4"
  resolved "https://registry.yarnpkg.com/is-buffer/-/is-buffer-1.1.4.tgz#cfc86ccd5dc5a52fa80489111c6920c457e2d98b"

isarray@~1.0.0:
  version "1.0.0"
  resolved "https://registry.yarnpkg.com/isarray/-/isarray-1.0.0.tgz#bb935d48582cba168c06834957a54a3e07124f11"

keygrip@~1.0.0:
  version "1.0.1"
  resolved "https://registry.yarnpkg.com/keygrip/-/keygrip-1.0.1.tgz#b02fa4816eef21a8c4b35ca9e52921ffc89a30e9"

leancloud-storage@~1.5.1:
  version "1.5.3"
  resolved "https://registry.yarnpkg.com/leancloud-storage/-/leancloud-storage-1.5.3.tgz#c74eb202f8effa7c1b86229bf365e1023c479b7c"
  dependencies:
    debug "^2.2.0"
    localstorage-memory "^1.0.1"
    md5 "^2.0.0"
    qiniu "^6.1.11"
    superagent "^2.0.0"
    underscore "^1.8.3"

leanengine@^1.0.0-beta:
  version "1.2.3"
  resolved "https://registry.yarnpkg.com/leanengine/-/leanengine-1.2.3.tgz#8f5ac89f87fe0900beccde6b5043696dcfc6a47b"
  dependencies:
    body-parser "1.9.0"
    connect "3.2.0"
    connect-timeout "^1.7.0"
    cookies "0.5.0"
    debug "2.0.0"
    iconv-lite "^0.4.8"
    leancloud-storage "~1.5.1"
    on-headers "1.0.0"
    underscore "^1.8.3"

localstorage-memory@^1.0.1:
  version "1.0.2"
  resolved "https://registry.yarnpkg.com/localstorage-memory/-/localstorage-memory-1.0.2.tgz#cd4a8f210e55dd519c929f4b4cc82829b58f9a51"

md5@^2.0.0:
  version "2.2.1"
  resolved "https://registry.yarnpkg.com/md5/-/md5-2.2.1.tgz#53ab38d5fe3c8891ba465329ea23fac0540126f9"
  dependencies:
    charenc "~0.0.1"
    crypt "~0.0.1"
    is-buffer "~1.1.1"

media-typer@0.3.0:
  version "0.3.0"
  resolved "https://registry.yarnpkg.com/media-typer/-/media-typer-0.3.0.tgz#8710d7af0aa626f8fffa1ce00168545263255748"

merge-descriptors@1.0.0:
  version "1.0.0"
  resolved "https://registry.yarnpkg.com/merge-descriptors/-/merge-descriptors-1.0.0.tgz#2169cf7538e1b0cc87fb88e1502d8474bbf79864"

methods@^1.1.1, methods@~1.1.1:
  version "1.1.2"
  resolved "https://registry.yarnpkg.com/methods/-/methods-1.1.2.tgz#5529a4d67654134edcc5266656835b0f851afcee"

mime-db@~1.12.0:
  version "1.12.0"
  resolved "https://registry.yarnpkg.com/mime-db/-/mime-db-1.12.0.tgz#3d0c63180f458eb10d325aaa37d7c58ae312e9d7"

mime-db@~1.25.0:
  version "1.25.0"
  resolved "https://registry.yarnpkg.com/mime-db/-/mime-db-1.25.0.tgz#c18dbd7c73a5dbf6f44a024dc0d165a1e7b1c392"

mime-types@^2.1.10, mime-types@~2.1.13, mime-types@~2.1.6:
  version "2.1.13"
  resolved "https://registry.yarnpkg.com/mime-types/-/mime-types-2.1.13.tgz#e07aaa9c6c6b9a7ca3012c69003ad25a39e92a88"
  dependencies:
    mime-db "~1.25.0"

mime-types@~2.0.9:
  version "2.0.14"
  resolved "https://registry.yarnpkg.com/mime-types/-/mime-types-2.0.14.tgz#310e159db23e077f8bb22b748dabfa4957140aa6"
  dependencies:
    mime-db "~1.12.0"

mime@^1.3.4, mime@1.3.4:
  version "1.3.4"
  resolved "https://registry.yarnpkg.com/mime/-/mime-1.3.4.tgz#115f9e3b6b3daf2959983cb38f149a2d40eb5d53"

mime@1.2.9:
  version "1.2.9"
  resolved "https://registry.yarnpkg.com/mime/-/mime-1.2.9.tgz#009cd40867bd35de521b3b966f04e2f8d4d13d09"

ms@0.6.2:
  version "0.6.2"
  resolved "https://registry.yarnpkg.com/ms/-/ms-0.6.2.tgz#d89c2124c6fdc1353d65a8b77bf1aac4b193708c"

ms@0.7.0:
  version "0.7.0"
  resolved "https://registry.yarnpkg.com/ms/-/ms-0.7.0.tgz#865be94c2e7397ad8a57da6a633a6e2f30798b83"

ms@0.7.1:
  version "0.7.1"
  resolved "https://registry.yarnpkg.com/ms/-/ms-0.7.1.tgz#9cd13c03adbff25b65effde7ce864ee952017098"

ms@0.7.2:
  version "0.7.2"
  resolved "https://registry.yarnpkg.com/ms/-/ms-0.7.2.tgz#ae25cf2512b3885a1d95d7f037868d8431124765"

negotiator@0.5.3:
  version "0.5.3"
  resolved "https://registry.yarnpkg.com/negotiator/-/negotiator-0.5.3.tgz#269d5c476810ec92edbe7b6c2f28316384f9a7e8"

on-finished@~2.2.0, on-finished@~2.2.1:
  version "2.2.1"
  resolved "https://registry.yarnpkg.com/on-finished/-/on-finished-2.2.1.tgz#5c85c1cc36299f78029653f667f27b6b99ebc029"
  dependencies:
    ee-first "1.1.0"

on-finished@~2.3.0:
  version "2.3.0"
  resolved "https://registry.yarnpkg.com/on-finished/-/on-finished-2.3.0.tgz#20f1336481b083cd75337992a16971aa2d906947"
  dependencies:
    ee-first "1.1.1"

on-finished@2.1.0:
  version "2.1.0"
  resolved "https://registry.yarnpkg.com/on-finished/-/on-finished-2.1.0.tgz#0c539f09291e8ffadde0c8a25850fb2cedc7022d"
  dependencies:
    ee-first "1.0.5"

on-headers@~1.0.1:
  version "1.0.1"
  resolved "https://registry.yarnpkg.com/on-headers/-/on-headers-1.0.1.tgz#928f5d0f470d49342651ea6794b0857c100693f7"

on-headers@1.0.0:
  version "1.0.0"
  resolved "https://registry.yarnpkg.com/on-headers/-/on-headers-1.0.0.tgz#2c75b5da4375513d0161c6052e7fcbe4953fca5d"

parseurl@~1.3.0:
  version "1.3.1"
  resolved "https://registry.yarnpkg.com/parseurl/-/parseurl-1.3.1.tgz#c8ab8c9223ba34888aa64a297b28853bec18da56"

path-to-regexp@0.1.3:
  version "0.1.3"
  resolved "https://registry.yarnpkg.com/path-to-regexp/-/path-to-regexp-0.1.3.tgz#21b9ab82274279de25b156ea08fd12ca51b8aecb"

pause-stream@>=0.0.10:
  version "0.0.11"
  resolved "https://registry.yarnpkg.com/pause-stream/-/pause-stream-0.0.11.tgz#fe5a34b0cbce12b5aa6a2b403ee2e73b602f1445"
  dependencies:
    through "~2.3"

process-nextick-args@~1.0.6:
  version "1.0.7"
  resolved "https://registry.yarnpkg.com/process-nextick-args/-/process-nextick-args-1.0.7.tgz#150e20b756590ad3f91093f25a4f2ad8bff30ba3"

promise@^7.1.1:
  version "7.1.1"
  resolved "https://registry.yarnpkg.com/promise/-/promise-7.1.1.tgz#489654c692616b8aa55b0724fa809bb7db49c5bf"
  dependencies:
    asap "~2.0.3"

proxy-addr@~1.0.7:
  version "1.0.10"
  resolved "https://registry.yarnpkg.com/proxy-addr/-/proxy-addr-1.0.10.tgz#0d40a82f801fc355567d2ecb65efe3f077f121c5"
  dependencies:
    forwarded "~0.1.0"
    ipaddr.js "1.0.5"

qiniu@^6.1.11:
  version "6.1.13"
  resolved "https://registry.yarnpkg.com/qiniu/-/qiniu-6.1.13.tgz#57f5d60974c64d8871d80f27df7d43211ae34f03"
  dependencies:
    crc32 "0.2.2"
    formstream "0.0.7"
    mime "1.2.9"
    sync-request "3.0.1"
    urllib "0.5.1"

qs@^6.1.0:
  version "6.3.0"
  resolved "https://registry.yarnpkg.com/qs/-/qs-6.3.0.tgz#f403b264f23bc01228c74131b407f18d5ea5d442"

qs@2.2.4:
  version "2.2.4"
  resolved "https://registry.yarnpkg.com/qs/-/qs-2.2.4.tgz#2e9fbcd34b540e3421c924ecd01e90aa975319c8"

qs@2.4.1:
  version "2.4.1"
  resolved "https://registry.yarnpkg.com/qs/-/qs-2.4.1.tgz#68cbaea971013426a80c1404fad6b1a6b1175245"

range-parser@~1.0.2:
  version "1.0.3"
  resolved "https://registry.yarnpkg.com/range-parser/-/range-parser-1.0.3.tgz#6872823535c692e2c2a0103826afd82c2e0ff175"

raw-body@1.3.0:
  version "1.3.0"
  resolved "https://registry.yarnpkg.com/raw-body/-/raw-body-1.3.0.tgz#978230a156a5548f42eef14de22d0f4f610083d1"
  dependencies:
    bytes "1"
    iconv-lite "0.4.4"

raw-body@1.3.4:
  version "1.3.4"
  resolved "https://registry.yarnpkg.com/raw-body/-/raw-body-1.3.4.tgz#ccc7ddfc46b72861cdd5bb433c840b70b6f27f54"
  dependencies:
    bytes "1.0.0"
    iconv-lite "0.4.8"

readable-stream@^2.0.5:
  version "2.2.2"
  resolved "https://registry.yarnpkg.com/readable-stream/-/readable-stream-2.2.2.tgz#a9e6fec3c7dda85f8bb1b3ba7028604556fc825e"
  dependencies:
    buffer-shims "^1.0.0"
    core-util-is "~1.0.0"
    inherits "~2.0.1"
    isarray "~1.0.0"
    process-nextick-args "~1.0.6"
    string_decoder "~0.10.x"
    util-deprecate "~1.0.1"

readable-stream@~2.0.0:
  version "2.0.6"
  resolved "https://registry.yarnpkg.com/readable-stream/-/readable-stream-2.0.6.tgz#8f90341e68a53ccc928788dacfcd11b36eb9b78e"
  dependencies:
    core-util-is "~1.0.0"
    inherits "~2.0.1"
    isarray "~1.0.0"
    process-nextick-args "~1.0.6"
    string_decoder "~0.10.x"
    util-deprecate "~1.0.1"

send@0.12.2:
  version "0.12.2"
  resolved "https://registry.yarnpkg.com/send/-/send-0.12.2.tgz#ba6785e47ab41aa0358b9da401ab22ff0f58eab6"
  dependencies:
    debug "~2.1.3"
    depd "~1.0.0"
    destroy "1.0.3"
    escape-html "1.0.1"
    etag "~1.5.1"
    fresh "0.2.4"
    mime "1.3.4"
    ms "0.7.0"
    on-finished "~2.2.0"
    range-parser "~1.0.2"

send@0.12.3:
  version "0.12.3"
  resolved "https://registry.yarnpkg.com/send/-/send-0.12.3.tgz#cd12dc58fde21e4f91902b39b2fda05a7a6d9bdc"
  dependencies:
    debug "~2.2.0"
    depd "~1.0.1"
    destroy "1.0.3"
    escape-html "1.0.1"
    etag "~1.6.0"
    fresh "0.2.4"
    mime "1.3.4"
    ms "0.7.1"
    on-finished "~2.2.1"
    range-parser "~1.0.2"

serve-static@~1.9.2:
  version "1.9.3"
  resolved "https://registry.yarnpkg.com/serve-static/-/serve-static-1.9.3.tgz#5f8da07323ad385ff3dc541f1a7917b2e436eb57"
  dependencies:
    escape-html "1.0.1"
    parseurl "~1.3.0"
    send "0.12.3"
    utils-merge "1.0.0"

setprototypeof@1.0.2:
  version "1.0.2"
  resolved "https://registry.yarnpkg.com/setprototypeof/-/setprototypeof-1.0.2.tgz#81a552141ec104b88e89ce383103ad5c66564d08"

"statuses@>= 1.3.1 < 2":
  version "1.3.1"
  resolved "https://registry.yarnpkg.com/statuses/-/statuses-1.3.1.tgz#faf51b9eb74aaef3b3acf4ad5f61abf24cb7b93e"

string_decoder@~0.10.x:
  version "0.10.31"
  resolved "https://registry.yarnpkg.com/string_decoder/-/string_decoder-0.10.31.tgz#62e203bc41766c6c28c9fc84301dab1c5310fa94"

superagent@^2.0.0:
  version "2.3.0"
  resolved "https://registry.yarnpkg.com/superagent/-/superagent-2.3.0.tgz#703529a0714e57e123959ddefbce193b2e50d115"
  dependencies:
    component-emitter "^1.2.0"
    cookiejar "^2.0.6"
    debug "^2.2.0"
    extend "^3.0.0"
    form-data "1.0.0-rc4"
    formidable "^1.0.17"
    methods "^1.1.1"
    mime "^1.3.4"
    qs "^6.1.0"
    readable-stream "^2.0.5"

sync-request@3.0.1:
  version "3.0.1"
  resolved "https://registry.yarnpkg.com/sync-request/-/sync-request-3.0.1.tgz#caa1235aaf889ba501076a1834c436830a82fb73"
  dependencies:
    concat-stream "^1.4.7"
    http-response-object "^1.0.1"
    then-request "^2.0.1"

then-request@^2.0.1:
  version "2.2.0"
  resolved "https://registry.yarnpkg.com/then-request/-/then-request-2.2.0.tgz#6678b32fa0ca218fe569981bbd8871b594060d81"
  dependencies:
    caseless "~0.11.0"
    concat-stream "^1.4.7"
    http-basic "^2.5.1"
    http-response-object "^1.1.0"
    promise "^7.1.1"
    qs "^6.1.0"

through@~2.3:
  version "2.3.8"
  resolved "https://registry.yarnpkg.com/through/-/through-2.3.8.tgz#0dd4c9ffaabc357960b1b724115d7e0e86a2e1f5"

type-is@~1.5.1:
  version "1.5.7"
  resolved "https://registry.yarnpkg.com/type-is/-/type-is-1.5.7.tgz#b9368a593cc6ef7d0645e78b2f4c64cbecd05e90"
  dependencies:
    media-typer "0.3.0"
    mime-types "~2.0.9"

type-is@~1.6.1:
  version "1.6.14"
  resolved "https://registry.yarnpkg.com/type-is/-/type-is-1.6.14.tgz#e219639c17ded1ca0789092dd54a03826b817cb2"
  dependencies:
    media-typer "0.3.0"
    mime-types "~2.1.13"

typedarray@~0.0.5:
  version "0.0.6"
  resolved "https://registry.yarnpkg.com/typedarray/-/typedarray-0.0.6.tgz#867ac74e3864187b1d3d47d996a78ec5c8830777"

underscore@^1.8.3:
  version "1.8.3"
  resolved "https://registry.yarnpkg.com/underscore/-/underscore-1.8.3.tgz#4f3fb53b106e6097fcf9cb4109f2a5e9bdfa5022"

urllib@0.5.1:
  version "0.5.1"
  resolved "https://registry.yarnpkg.com/urllib/-/urllib-0.5.1.tgz#9e256b2b703dfe0a59637cb0dbb4308ed571971b"
  dependencies:
    buffer-concat "0.0.1"
    debug "0.7.2"

util-deprecate@~1.0.1:
  version "1.0.2"
  resolved "https://registry.yarnpkg.com/util-deprecate/-/util-deprecate-1.0.2.tgz#450d4dc9fa70de732762fbd2d4a28981419a0ccf"

utils-merge@1.0.0:
  version "1.0.0"
  resolved "https://registry.yarnpkg.com/utils-merge/-/utils-merge-1.0.0.tgz#0294fb922bb9375153541c4f7096231f287c8af8"

vary@~1.0.0:
  version "1.0.1"
  resolved "https://registry.yarnpkg.com/vary/-/vary-1.0.1.tgz#99e4981566a286118dfb2b817357df7993376d10"

vue@^2.1.4:
  version "2.1.4"
  resolved "https://registry.yarnpkg.com/vue/-/vue-2.1.4.tgz#d490f8fcf696847d8cf7f8eb9168e9a5dd806bfc"

